
Microsoft Visual Studio Solution File, Format Version 12.00
# Visual Studio 15
VisualStudioVersion = 15.0.26730.12
MinimumVisualStudioVersion = 10.0.40219.1
Project("{FAE04EC0-301F-11D3-BF4B-00C04F79EFBC}") = "CryptoExchangeFarmer", "CryptoExchangeFarmer\CryptoExchangeFarmer.csproj", "{4D0AC2E8-F6C0-48EF-8522-57CF236D3A31}"
EndProject
Global
	GlobalSection(SolutionConfigurationPlatforms) = preSolution
		Debug|Any CPU = Debug|Any CPU
		Release|Any CPU = Release|Any CPU
	EndGlobalSection
	GlobalSection(ProjectConfigurationPlatforms) = postSolution
		{4D0AC2E8-F6C0-48EF-8522-57CF236D3A31}.Debug|Any CPU.ActiveCfg = Debug|Any CPU
		{4D0AC2E8-F6C0-48EF-8522-57CF236D3A31}.Debug|Any CPU.Build.0 = Debug|Any CPU
		{4D0AC2E8-F6C0-48EF-8522-57CF236D3A31}.Release|Any CPU.ActiveCfg = Release|Any CPU
		{4D0AC2E8-F6C0-48EF-8522-57CF236D3A31}.Release|Any CPU.Build.0 = Release|Any CPU
	EndGlobalSection
	GlobalSection(SolutionProperties) = preSolution
		HideSolutionNode = FALSE
	EndGlobalSection
	GlobalSection(ExtensibilityGlobals) = postSolution
		SolutionGuid = {9413DA00-F8DA-4176-BE56-2A118A578430}
	EndGlobalSection
EndGlobal
